
Microsoft Visual Studio Solution File, Format Version 12.00
# Visual Studio Version 17
VisualStudioVersion = 17.14.36327.8
MinimumVisualStudioVersion = 10.0.40219.1
Project("{2150E333-8FDC-42A3-9474-1A3956D46DE8}") = "src", "src", "{02EA681E-C7D8-13C7-8484-4AC65E1B71E8}"
EndProject
Project("{2150E333-8FDC-42A3-9474-1A3956D46DE8}") = "tests", "tests", "{5232BA3C-EE59-4E22-AB86-58503260DF20}"
EndProject
Project("{FAE04EC0-301F-11D3-BF4B-00C04F79EFBC}") = "BookMyCinema.Domain", "src\BookMyCinema.Domain\BookMyCinema.Domain.csproj", "{ACAFD15F-6E70-8CB6-D8BA-1908254082FB}"
EndProject
Project("{FAE04EC0-301F-11D3-BF4B-00C04F79EFBC}") = "BookMyCinema.Persistance", "src\BookMyCinema.Persistance\BookMyCinema.Persistance.csproj", "{B101EBC8-4CE1-AD57-5824-21A3A530E93C}"
EndProject
Project("{FAE04EC0-301F-11D3-BF4B-00C04F79EFBC}") = "BookMyCinema.Application", "src\BookMyCinema.Application\BookMyCinema.Application.csproj", "{26FA22AD-9961-3473-2101-7471C0F939E2}"
EndProject
Project("{FAE04EC0-301F-11D3-BF4B-00C04F79EFBC}") = "BookMyCinema.Infrastructure", "src\BookMyCinema.Infrastructure\BookMyCinema.Infrastructure.csproj", "{AED88E03-E3F3-AFF2-638D-AC417FDDBC96}"
EndProject
Project("{2150E333-8FDC-42A3-9474-1A3956D46DE8}") = "Solution Items", "Solution Items", "{17A21C01-3C5E-4D01-B37D-8FD693C48F15}"
	ProjectSection(SolutionItems) = preProject
		.editorconfig = .editorconfig
		Directory.Build.props = Directory.Build.props
		Directory.Packages.props = Directory.Packages.props
	EndProjectSection
EndProject
Project("{FAE04EC0-301F-11D3-BF4B-00C04F79EFBC}") = "BookMyCinema.Architecture.Tests", "tests\BookMyCinema.Architecture.Tests\BookMyCinema.Architecture.Tests.csproj", "{8E271E3D-89F6-4F04-8149-762452B4D518}"
EndProject
Project("{FAE04EC0-301F-11D3-BF4B-00C04F79EFBC}") = "BookMyCinema.Application.UnitTest", "tests\BookMyCinema.Application.UnitTest\BookMyCinema.Application.UnitTest.csproj", "{94934500-C1B1-517B-542A-06B00D890994}"
EndProject
Project("{FAE04EC0-301F-11D3-BF4B-00C04F79EFBC}") = "BookMyCinema.Api.IntegrationTests", "tests\BookMyCinema.Api.IntegrationTests\BookMyCinema.Api.IntegrationTests.csproj", "{51012780-D9A4-ECEE-987F-B999E6105E45}"
EndProject
Project("{FAE04EC0-301F-11D3-BF4B-00C04F79EFBC}") = "BookMyCinema.Api", "src\BookMyCinema.Api\BookMyCinema.Api.csproj", "{EB6F1715-9C3B-65D4-1353-7F7FCF121CBA}"
EndProject
Project("{FAE04EC0-301F-11D3-BF4B-00C04F79EFBC}") = "BookMyCinema.WebApp", "src\BookMyCinema.WebApp\BookMyCinema.WebApp.csproj", "{42CB7CF1-7961-29C6-9298-4CDFB9B4C9AE}"
EndProject
Global
	GlobalSection(SolutionConfigurationPlatforms) = preSolution
		Debug|Any CPU = Debug|Any CPU
		Release|Any CPU = Release|Any CPU
	EndGlobalSection
	GlobalSection(ProjectConfigurationPlatforms) = postSolution
		{ACAFD15F-6E70-8CB6-D8BA-1908254082FB}.Debug|Any CPU.ActiveCfg = Debug|Any CPU
		{ACAFD15F-6E70-8CB6-D8BA-1908254082FB}.Debug|Any CPU.Build.0 = Debug|Any CPU
		{ACAFD15F-6E70-8CB6-D8BA-1908254082FB}.Release|Any CPU.ActiveCfg = Release|Any CPU
		{ACAFD15F-6E70-8CB6-D8BA-1908254082FB}.Release|Any CPU.Build.0 = Release|Any CPU
		{B101EBC8-4CE1-AD57-5824-21A3A530E93C}.Debug|Any CPU.ActiveCfg = Debug|Any CPU
		{B101EBC8-4CE1-AD57-5824-21A3A530E93C}.Debug|Any CPU.Build.0 = Debug|Any CPU
		{B101EBC8-4CE1-AD57-5824-21A3A530E93C}.Release|Any CPU.ActiveCfg = Release|Any CPU
		{B101EBC8-4CE1-AD57-5824-21A3A530E93C}.Release|Any CPU.Build.0 = Release|Any CPU
		{26FA22AD-9961-3473-2101-7471C0F939E2}.Debug|Any CPU.ActiveCfg = Debug|Any CPU
		{26FA22AD-9961-3473-2101-7471C0F939E2}.Debug|Any CPU.Build.0 = Debug|Any CPU
		{26FA22AD-9961-3473-2101-7471C0F939E2}.Release|Any CPU.ActiveCfg = Release|Any CPU
		{26FA22AD-9961-3473-2101-7471C0F939E2}.Release|Any CPU.Build.0 = Release|Any CPU
		{AED88E03-E3F3-AFF2-638D-AC417FDDBC96}.Debug|Any CPU.ActiveCfg = Debug|Any CPU
		{AED88E03-E3F3-AFF2-638D-AC417FDDBC96}.Debug|Any CPU.Build.0 = Debug|Any CPU
		{AED88E03-E3F3-AFF2-638D-AC417FDDBC96}.Release|Any CPU.ActiveCfg = Release|Any CPU
		{AED88E03-E3F3-AFF2-638D-AC417FDDBC96}.Release|Any CPU.Build.0 = Release|Any CPU
		{8E271E3D-89F6-4F04-8149-762452B4D518}.Debug|Any CPU.ActiveCfg = Debug|Any CPU
		{8E271E3D-89F6-4F04-8149-762452B4D518}.Debug|Any CPU.Build.0 = Debug|Any CPU
		{8E271E3D-89F6-4F04-8149-762452B4D518}.Release|Any CPU.ActiveCfg = Release|Any CPU
		{8E271E3D-89F6-4F04-8149-762452B4D518}.Release|Any CPU.Build.0 = Release|Any CPU
		{94934500-C1B1-517B-542A-06B00D890994}.Debug|Any CPU.ActiveCfg = Debug|Any CPU
		{94934500-C1B1-517B-542A-06B00D890994}.Debug|Any CPU.Build.0 = Debug|Any CPU
		{94934500-C1B1-517B-542A-06B00D890994}.Release|Any CPU.ActiveCfg = Release|Any CPU
		{94934500-C1B1-517B-542A-06B00D890994}.Release|Any CPU.Build.0 = Release|Any CPU
		{51012780-D9A4-ECEE-987F-B999E6105E45}.Debug|Any CPU.ActiveCfg = Debug|Any CPU
		{51012780-D9A4-ECEE-987F-B999E6105E45}.Debug|Any CPU.Build.0 = Debug|Any CPU
		{51012780-D9A4-ECEE-987F-B999E6105E45}.Release|Any CPU.ActiveCfg = Release|Any CPU
		{51012780-D9A4-ECEE-987F-B999E6105E45}.Release|Any CPU.Build.0 = Release|Any CPU
		{EB6F1715-9C3B-65D4-1353-7F7FCF121CBA}.Debug|Any CPU.ActiveCfg = Debug|Any CPU
		{EB6F1715-9C3B-65D4-1353-7F7FCF121CBA}.Debug|Any CPU.Build.0 = Debug|Any CPU
		{EB6F1715-9C3B-65D4-1353-7F7FCF121CBA}.Release|Any CPU.ActiveCfg = Release|Any CPU
		{EB6F1715-9C3B-65D4-1353-7F7FCF121CBA}.Release|Any CPU.Build.0 = Release|Any CPU
		{42CB7CF1-7961-29C6-9298-4CDFB9B4C9AE}.Debug|Any CPU.ActiveCfg = Debug|Any CPU
		{42CB7CF1-7961-29C6-9298-4CDFB9B4C9AE}.Debug|Any CPU.Build.0 = Debug|Any CPU
		{42CB7CF1-7961-29C6-9298-4CDFB9B4C9AE}.Release|Any CPU.ActiveCfg = Release|Any CPU
		{42CB7CF1-7961-29C6-9298-4CDFB9B4C9AE}.Release|Any CPU.Build.0 = Release|Any CPU
	EndGlobalSection
	GlobalSection(SolutionProperties) = preSolution
		HideSolutionNode = FALSE
	EndGlobalSection
	GlobalSection(NestedProjects) = preSolution
		{ACAFD15F-6E70-8CB6-D8BA-1908254082FB} = {02EA681E-C7D8-13C7-8484-4AC65E1B71E8}
		{B101EBC8-4CE1-AD57-5824-21A3A530E93C} = {02EA681E-C7D8-13C7-8484-4AC65E1B71E8}
		{26FA22AD-9961-3473-2101-7471C0F939E2} = {02EA681E-C7D8-13C7-8484-4AC65E1B71E8}
		{AED88E03-E3F3-AFF2-638D-AC417FDDBC96} = {02EA681E-C7D8-13C7-8484-4AC65E1B71E8}
		{8E271E3D-89F6-4F04-8149-762452B4D518} = {5232BA3C-EE59-4E22-AB86-58503260DF20}
		{94934500-C1B1-517B-542A-06B00D890994} = {5232BA3C-EE59-4E22-AB86-58503260DF20}
		{51012780-D9A4-ECEE-987F-B999E6105E45} = {5232BA3C-EE59-4E22-AB86-58503260DF20}
		{EB6F1715-9C3B-65D4-1353-7F7FCF121CBA} = {02EA681E-C7D8-13C7-8484-4AC65E1B71E8}
		{42CB7CF1-7961-29C6-9298-4CDFB9B4C9AE} = {02EA681E-C7D8-13C7-8484-4AC65E1B71E8}
	EndGlobalSection
	GlobalSection(ExtensibilityGlobals) = postSolution
		SolutionGuid = {77A9FFE9-D09C-4F66-8ACA-3AB081839C55}
	EndGlobalSection
EndGlobal
