<Solution>
  <Folder Name="/docs/api/">
    <File Path="docs/api/overview.md" />
  </Folder>
  <Folder Name="/docs/architecture/">
    <File Path="docs/architecture/clean-architecture.md" />
    <File Path="docs/architecture/cqrs.md" />
  </Folder>
  <Folder Name="/docs/cross-cutting/">
    <File Path="docs/cross-cutting/logging.md" />
    <File Path="docs/cross-cutting/validation.md" />
    <File Path="docs/error-handling/error-handling.md" />
  </Folder>
  <Folder Name="/docs/ddd/">
    <File Path="docs/ddd/overview.md" />
  </Folder>
  <Folder Name="/docs/development/">
    <File Path="docs/development/tooling.md" />
  </Folder>
  <Folder Name="/docs/persistence/">
    <File Path="docs/persistence/logical-schema.dbml" />
    <File Path="docs/persistence/logical-schema.md" />
  </Folder>
  <Folder Name="/docs/testing/">
    <File Path="docs/testing/architecture-testing.md" />
  </Folder>
  <Folder Name="/Solution Items/">
    <File Path=".editorconfig" />
    <File Path="Directory.Build.props" />
    <File Path="Directory.Packages.props" />
  </Folder>
  <Folder Name="/sql-scripts/">
    <File Path="sql-scripts/Logging Tables Indexes.sql" />
  </Folder>
  <Folder Name="/docs/">
    <File Path="docs/documentation-index.md" />
  </Folder>
  <Folder Name="/src/">
    <Project Path="src/BookMyCinema.Api/BookMyCinema.Api.csproj" />
    <Project Path="src/BookMyCinema.Application/BookMyCinema.Application.csproj" />
    <Project Path="src/BookMyCinema.Domain/BookMyCinema.Domain.csproj" />
    <Project Path="src/BookMyCinema.Infrastructure/BookMyCinema.Infrastructure.csproj" />
    <Project Path="src/BookMyCinema.Persistance/BookMyCinema.Persistance.csproj" />
    <Project Path="src/BookMyCinema.SharedKernel/BookMyCinema.SharedKernel.csproj" Id="8d35cf7e-69b5-431b-b6c6-29f07c23b355" />
    <Project Path="src/BookMyCinema.WebApp/BookMyCinema.WebApp.csproj" />
  </Folder>
  <Folder Name="/tests/">
    <Project Path="tests/BookMyCinema.Api.IntegrationTests/BookMyCinema.Api.IntegrationTests.csproj" />
    <Project Path="tests/BookMyCinema.Application.UnitTest/BookMyCinema.Application.UnitTest.csproj" />
    <Project Path="tests/BookMyCinema.Architecture.Tests/BookMyCinema.Architecture.Tests.csproj" />
  </Folder>
</Solution>
